// !$*UTF8*$!
{
	archiveVersion = 1;
	classes = {
	};
	objectVersion = 46;
	objects = {

/* Begin PBXBuildFile section */
		334F4ED11E99ADA600BED90B /* StartViewController.swift in Sources */ = {isa = PBXBuildFile; fileRef = 334F4ED01E99ADA600BED90B /* StartViewController.swift */; };
		334F4ED31E99ADB200BED90B /* UterusViewController.swift in Sources */ = {isa = PBXBuildFile; fileRef = 334F4ED21E99ADB200BED90B /* UterusViewController.swift */; };
		334F4ED51E99ADC800BED90B /* OvaryViewController.swift in Sources */ = {isa = PBXBuildFile; fileRef = 334F4ED41E99ADC800BED90B /* OvaryViewController.swift */; };
		334F4ED71E99ADD700BED90B /* OvulationViewController.swift in Sources */ = {isa = PBXBuildFile; fileRef = 334F4ED61E99ADD700BED90B /* OvulationViewController.swift */; };
		33542ACF1E9921BD0086A729 /* AppDelegate.swift in Sources */ = {isa = PBXBuildFile; fileRef = 33542ACE1E9921BD0086A729 /* AppDelegate.swift */; };
		33542AD41E9921BD0086A729 /* Main.storyboard in Resources */ = {isa = PBXBuildFile; fileRef = 33542AD21E9921BD0086A729 /* Main.storyboard */; };
		33542AD61E9921BD0086A729 /* Assets.xcassets in Resources */ = {isa = PBXBuildFile; fileRef = 33542AD51E9921BD0086A729 /* Assets.xcassets */; };
		33542AD91E9921BD0086A729 /* LaunchScreen.storyboard in Resources */ = {isa = PBXBuildFile; fileRef = 33542AD71E9921BD0086A729 /* LaunchScreen.storyboard */; };
/* End PBXBuildFile section */

/* Begin PBXFileReference section */
		334F4ED01E99ADA600BED90B /* StartViewController.swift */ = {isa = PBXFileReference; fileEncoding = 4; lastKnownFileType = sourcecode.swift; path = StartViewController.swift; sourceTree = "<group>"; };
		334F4ED21E99ADB200BED90B /* UterusViewController.swift */ = {isa = PBXFileReference; fileEncoding = 4; lastKnownFileType = sourcecode.swift; path = UterusViewController.swift; sourceTree = "<group>"; };
		334F4ED41E99ADC800BED90B /* OvaryViewController.swift */ = {isa = PBXFileReference; fileEncoding = 4; lastKnownFileType = sourcecode.swift; path = OvaryViewController.swift; sourceTree = "<group>"; };
		334F4ED61E99ADD700BED90B /* OvulationViewController.swift */ = {isa = PBXFileReference; fileEncoding = 4; lastKnownFileType = sourcecode.swift; path = OvulationViewController.swift; sourceTree = "<group>"; };
		33542ACB1E9921BD0086A729 /* AthenaHacks.app */ = {isa = PBXFileReference; explicitFileType = wrapper.application; includeInIndex = 0; path = AthenaHacks.app; sourceTree = BUILT_PRODUCTS_DIR; };
		33542ACE1E9921BD0086A729 /* AppDelegate.swift */ = {isa = PBXFileReference; lastKnownFileType = sourcecode.swift; path = AppDelegate.swift; sourceTree = "<group>"; };
		33542AD31E9921BD0086A729 /* Base */ = {isa = PBXFileReference; lastKnownFileType = file.storyboard; name = Base; path = Base.lproj/Main.storyboard; sourceTree = "<group>"; };
		33542AD51E9921BD0086A729 /* Assets.xcassets */ = {isa = PBXFileReference; lastKnownFileType = folder.assetcatalog; path = Assets.xcassets; sourceTree = "<group>"; };
		33542AD81E9921BD0086A729 /* Base */ = {isa = PBXFileReference; lastKnownFileType = file.storyboard; name = Base; path = Base.lproj/LaunchScreen.storyboard; sourceTree = "<group>"; };
		33542ADA1E9921BD0086A729 /* Info.plist */ = {isa = PBXFileReference; lastKnownFileType = text.plist.xml; path = Info.plist; sourceTree = "<group>"; };
/* End PBXFileReference section */

/* Begin PBXFrameworksBuildPhase section */
		33542AC81E9921BD0086A729 /* Frameworks */ = {
			isa = PBXFrameworksBuildPhase;
			buildActionMask = 2147483647;
			files = (
			);
			runOnlyForDeploymentPostprocessing = 0;
		};
/* End PBXFrameworksBuildPhase section */

/* Begin PBXGroup section */
		334F4ECF1E99AD8F00BED90B /* Views */ = {
			isa = PBXGroup;
			children = (
				334F4ED01E99ADA600BED90B /* StartViewController.swift */,
				334F4ED21E99ADB200BED90B /* UterusViewController.swift */,
				334F4ED41E99ADC800BED90B /* OvaryViewController.swift */,
				334F4ED61E99ADD700BED90B /* OvulationViewController.swift */,
			);
			name = Views;
			sourceTree = "<group>";
		};
		33542AC21E9921BD0086A729 = {
			isa = PBXGroup;
			children = (
				33542ACD1E9921BD0086A729 /* AthenaHacks */,
				33542ACC1E9921BD0086A729 /* Products */,
			);
			sourceTree = "<group>";
		};
		33542ACC1E9921BD0086A729 /* Products */ = {
			isa = PBXGroup;
			children = (
				33542ACB1E9921BD0086A729 /* AthenaHacks.app */,
			);
			name = Products;
			sourceTree = "<group>";
		};
		33542ACD1E9921BD0086A729 /* AthenaHacks */ = {
			isa = PBXGroup;
			children = (
				33542ACE1E9921BD0086A729 /* AppDelegate.swift */,
				334F4ECF1E99AD8F00BED90B /* Views */,
				33542AD21E9921BD0086A729 /* Main.storyboard */,
				33542AD51E9921BD0086A729 /* Assets.xcassets */,
				33542AD71E9921BD0086A729 /* LaunchScreen.storyboard */,
				33542ADA1E9921BD0086A729 /* Info.plist */,
			);
			path = AthenaHacks;
			sourceTree = "<group>";
		};
/* End PBXGroup section */

/* Begin PBXNativeTarget section */
		33542ACA1E9921BD0086A729 /* AthenaHacks */ = {
			isa = PBXNativeTarget;
			buildConfigurationList = 33542ADD1E9921BD0086A729 /* Build configuration list for PBXNativeTarget "AthenaHacks" */;
			buildPhases = (
				33542AC71E9921BD0086A729 /* Sources */,
				33542AC81E9921BD0086A729 /* Frameworks */,
				33542AC91E9921BD0086A729 /* Resources */,
			);
			buildRules = (
			);
			dependencies = (
			);
			name = AthenaHacks;
			productName = AthenaHacks;
			productReference = 33542ACB1E9921BD0086A729 /* AthenaHacks.app */;
			productType = "com.apple.product-type.application";
		};
/* End PBXNativeTarget section */

/* Begin PBXProject section */
		33542AC31E9921BD0086A729 /* Project object */ = {
			isa = PBXProject;
			attributes = {
				LastSwiftUpdateCheck = 0820;
				LastUpgradeCheck = 0820;
				ORGANIZATIONNAME = "Vinnie Chen";
				TargetAttributes = {
					33542ACA1E9921BD0086A729 = {
						CreatedOnToolsVersion = 8.2;
						ProvisioningStyle = Automatic;
					};
				};
			};
			buildConfigurationList = 33542AC61E9921BD0086A729 /* Build configuration list for PBXProject "AthenaHacks" */;
			compatibilityVersion = "Xcode 3.2";
			developmentRegion = English;
			hasScannedForEncodings = 0;
			knownRegions = (
				en,
				Base,
			);
			mainGroup = 33542AC21E9921BD0086A729;
			productRefGroup = 33542ACC1E9921BD0086A729 /* Products */;
			projectDirPath = "";
			projectRoot = "";
			targets = (
				33542ACA1E9921BD0086A729 /* AthenaHacks */,
			);
		};
/* End PBXProject section */

/* Begin PBXResourcesBuildPhase section */
		33542AC91E9921BD0086A729 /* Resources */ = {
			isa = PBXResourcesBuildPhase;
			buildActionMask = 2147483647;
			files = (
				33542AD91E9921BD0086A729 /* LaunchScreen.storyboard in Resources */,
				33542AD61E9921BD0086A729 /* Assets.xcassets in Resources */,
				33542AD41E9921BD0086A729 /* Main.storyboard in Resources */,
			);
			runOnlyForDeploymentPostprocessing = 0;
		};
/* End PBXResourcesBuildPhase section */

/* Begin PBXSourcesBuildPhase section */
		33542AC71E9921BD0086A729 /* Sources */ = {
			isa = PBXSourcesBuildPhase;
			buildActionMask = 2147483647;
			files = (
				334F4ED51E99ADC800BED90B /* OvaryViewController.swift in Sources */,
				33542ACF1E9921BD0086A729 /* AppDelegate.swift in Sources */,
				334F4ED71E99ADD700BED90B /* OvulationViewController.swift in Sources */,
				334F4ED31E99ADB200BED90B /* UterusViewController.swift in Sources */,
				334F4ED11E99ADA600BED90B /* StartViewController.swift in Sources */,
			);
			runOnlyForDeploymentPostprocessing = 0;
		};
/* End PBXSourcesBuildPhase section */

/* Begin PBXVariantGroup section */
		33542AD21E9921BD0086A729 /* Main.storyboard */ = {
			isa = PBXVariantGroup;
			children = (
				33542AD31E9921BD0086A729 /* Base */,
			);
			name = Main.storyboard;
			sourceTree = "<group>";
		};
		33542AD71E9921BD0086A729 /* LaunchScreen.storyboard */ = {
			isa = PBXVariantGroup;
			children = (
				33542AD81E9921BD0086A729 /* Base */,
			);
			name = LaunchScreen.storyboard;
			sourceTree = "<group>";
		};
/* End PBXVariantGroup section */

/* Begin XCBuildConfiguration section */
		33542ADB1E9921BD0086A729 /* Debug */ = {
			isa = XCBuildConfiguration;
			buildSettings = {
				ALWAYS_SEARCH_USER_PATHS = NO;
				CLANG_ANALYZER_NONNULL = YES;
				CLANG_CXX_LANGUAGE_STANDARD = "gnu++0x";
				CLANG_CXX_LIBRARY = "libc++";
				CLANG_ENABLE_MODULES = YES;
				CLANG_ENABLE_OBJC_ARC = YES;
				CLANG_WARN_BOOL_CONVERSION = YES;
				CLANG_WARN_CONSTANT_CONVERSION = YES;
				CLANG_WARN_DIRECT_OBJC_ISA_USAGE = YES_ERROR;
				CLANG_WARN_DOCUMENTATION_COMMENTS = YES;
				CLANG_WARN_EMPTY_BODY = YES;
				CLANG_WARN_ENUM_CONVERSION = YES;
				CLANG_WARN_INFINITE_RECURSION = YES;
				CLANG_WARN_INT_CONVERSION = YES;
				CLANG_WARN_OBJC_ROOT_CLASS = YES_ERROR;
				CLANG_WARN_SUSPICIOUS_MOVE = YES;
				CLANG_WARN_UNREACHABLE_CODE = YES;
				CLANG_WARN__DUPLICATE_METHOD_MATCH = YES;
				"CODE_SIGN_IDENTITY[sdk=iphoneos*]" = "iPhone Developer";
				COPY_PHASE_STRIP = NO;
				DEBUG_INFORMATION_FORMAT = dwarf;
				ENABLE_STRICT_OBJC_MSGSEND = YES;
				ENABLE_TESTABILITY = YES;
				GCC_C_LANGUAGE_STANDARD = gnu99;
				GCC_DYNAMIC_NO_PIC = NO;
				GCC_NO_COMMON_BLOCKS = YES;
				GCC_OPTIMIZATION_LEVEL = 0;
				GCC_PREPROCESSOR_DEFINITIONS = (
					"DEBUG=1",
					"$(inherited)",
				);
				GCC_WARN_64_TO_32_BIT_CONVERSION = YES;
				GCC_WARN_ABOUT_RETURN_TYPE = YES_ERROR;
				GCC_WARN_UNDECLARED_SELECTOR = YES;
				GCC_WARN_UNINITIALIZED_AUTOS = YES_AGGRESSIVE;
				GCC_WARN_UNUSED_FUNCTION = YES;
				GCC_WARN_UNUSED_VARIABLE = YES;
				IPHONEOS_DEPLOYMENT_TARGET = 10.2;
				MTL_ENABLE_DEBUG_INFO = YES;
				ONLY_ACTIVE_ARCH = YES;
				SDKROOT = iphoneos;
				SWIFT_ACTIVE_COMPILATION_CONDITIONS = DEBUG;
				SWIFT_OPTIMIZATION_LEVEL = "-Onone";
			};
			name = Debug;
		};
		33542ADC1E9921BD0086A729 /* Release */ = {
			isa = XCBuildConfiguration;
			buildSettings = {
				ALWAYS_SEARCH_USER_PATHS = NO;
				CLANG_ANALYZER_NONNULL = YES;
				CLANG_CXX_LANGUAGE_STANDARD = "gnu++0x";
				CLANG_CXX_LIBRARY = "libc++";
				CLANG_ENABLE_MODULES = YES;
				CLANG_ENABLE_OBJC_ARC = YES;
				CLANG_WARN_BOOL_CONVERSION = YES;
				CLANG_WARN_CONSTANT_CONVERSION = YES;
				CLANG_WARN_DIRECT_OBJC_ISA_USAGE = YES_ERROR;
				CLANG_WARN_DOCUMENTATION_COMMENTS = YES;
				CLANG_WARN_EMPTY_BODY = YES;
				CLANG_WARN_ENUM_CONVERSION = YES;
				CLANG_WARN_INFINITE_RECURSION = YES;
				CLANG_WARN_INT_CONVERSION = YES;
				CLANG_WARN_OBJC_ROOT_CLASS = YES_ERROR;
				CLANG_WARN_SUSPICIOUS_MOVE = YES;
				CLANG_WARN_UNREACHABLE_CODE = YES;
				CLANG_WARN__DUPLICATE_METHOD_MATCH = YES;
				"CODE_SIGN_IDENTITY[sdk=iphoneos*]" = "iPhone Developer";
				COPY_PHASE_STRIP = NO;
				DEBUG_INFORMATION_FORMAT = "dwarf-with-dsym";
				ENABLE_NS_ASSERTIONS = NO;
				ENABLE_STRICT_OBJC_MSGSEND = YES;
				GCC_C_LANGUAGE_STANDARD = gnu99;
				GCC_NO_COMMON_BLOCKS = YES;
				GCC_WARN_64_TO_32_BIT_CONVERSION = YES;
				GCC_WARN_ABOUT_RETURN_TYPE = YES_ERROR;
				GCC_WARN_UNDECLARED_SELECTOR = YES;
				GCC_WARN_UNINITIALIZED_AUTOS = YES_AGGRESSIVE;
				GCC_WARN_UNUSED_FUNCTION = YES;
				GCC_WARN_UNUSED_VARIABLE = YES;
				IPHONEOS_DEPLOYMENT_TARGET = 10.2;
				MTL_ENABLE_DEBUG_INFO = NO;
				SDKROOT = iphoneos;
				SWIFT_OPTIMIZATION_LEVEL = "-Owholemodule";
				VALIDATE_PRODUCT = YES;
			};
			name = Release;
		};
		33542ADE1E9921BD0086A729 /* Debug */ = {
			isa = XCBuildConfiguration;
			buildSettings = {
				ASSETCATALOG_COMPILER_APPICON_NAME = AppIcon;
				INFOPLIST_FILE = AthenaHacks/Info.plist;
				LD_RUNPATH_SEARCH_PATHS = "$(inherited) @executable_path/Frameworks";
				PRODUCT_BUNDLE_IDENTIFIER = Vinnie.AthenaHacks;
				PRODUCT_NAME = "$(TARGET_NAME)";
				SWIFT_VERSION = 3.0;
			};
			name = Debug;
		};
		33542ADF1E9921BD0086A729 /* Release */ = {
			isa = XCBuildConfiguration;
			buildSettings = {
				ASSETCATALOG_COMPILER_APPICON_NAME = AppIcon;
				INFOPLIST_FILE = AthenaHacks/Info.plist;
				LD_RUNPATH_SEARCH_PATHS = "$(inherited) @executable_path/Frameworks";
				PRODUCT_BUNDLE_IDENTIFIER = Vinnie.AthenaHacks;
				PRODUCT_NAME = "$(TARGET_NAME)";
				SWIFT_VERSION = 3.0;
			};
			name = Release;
		};
/* End XCBuildConfiguration section */

/* Begin XCConfigurationList section */
		33542AC61E9921BD0086A729 /* Build configuration list for PBXProject "AthenaHacks" */ = {
			isa = XCConfigurationList;
			buildConfigurations = (
				33542ADB1E9921BD0086A729 /* Debug */,
				33542ADC1E9921BD0086A729 /* Release */,
			);
			defaultConfigurationIsVisible = 0;
			defaultConfigurationName = Release;
		};
		33542ADD1E9921BD0086A729 /* Build configuration list for PBXNativeTarget "AthenaHacks" */ = {
			isa = XCConfigurationList;
			buildConfigurations = (
				33542ADE1E9921BD0086A729 /* Debug */,
				33542ADF1E9921BD0086A729 /* Release */,
			);
			defaultConfigurationIsVisible = 0;
			defaultConfigurationName = Release;
		};
/* End XCConfigurationList section */
	};
	rootObject = 33542AC31E9921BD0086A729 /* Project object */;
}
